
Microsoft Visual Studio Solution File, Format Version 12.00
# Visual Studio Version 17
VisualStudioVersion = 17.11.35312.102
MinimumVisualStudioVersion = 10.0.40219.1
Project("{FAE04EC0-301F-11D3-BF4B-00C04F79EFBC}") = "pick-n-mix", "pick-n-mix.csproj", "{37BF26CB-2F8C-4326-8129-1D70482B4ACF}"
EndProject
Global
	GlobalSection(SolutionConfigurationPlatforms) = preSolution
		Debug|Any CPU = Debug|Any CPU
		Release|Any CPU = Release|Any CPU
	EndGlobalSection
	GlobalSection(ProjectConfigurationPlatforms) = postSolution
		{37BF26CB-2F8C-4326-8129-1D70482B4ACF}.Debug|Any CPU.ActiveCfg = Debug|Any CPU
		{37BF26CB-2F8C-4326-8129-1D70482B4ACF}.Debug|Any CPU.Build.0 = Debug|Any CPU
		{37BF26CB-2F8C-4326-8129-1D70482B4ACF}.Release|Any CPU.ActiveCfg = Release|Any CPU
		{37BF26CB-2F8C-4326-8129-1D70482B4ACF}.Release|Any CPU.Build.0 = Release|Any CPU
	EndGlobalSection
	GlobalSection(SolutionProperties) = preSolution
		HideSolutionNode = FALSE
	EndGlobalSection
	GlobalSection(ExtensibilityGlobals) = postSolution
		SolutionGuid = {7FC5132D-EA01-454F-9935-00BAAF5A4811}
	EndGlobalSection
EndGlobal
